
Microsoft Visual Studio Solution File, Format Version 12.00
# Visual Studio 15
VisualStudioVersion = 15.0.28307.902
MinimumVisualStudioVersion = 10.0.40219.1
Project("{FAE04EC0-301F-11D3-BF4B-00C04F79EFBC}") = "gpro-desktop-windows", "gpro-desktop-windows\gpro-desktop-windows.csproj", "{D19712D3-2FFD-4771-BB4F-144159FECA34}"
EndProject
Global
	GlobalSection(SolutionConfigurationPlatforms) = preSolution
		Debug|Any CPU = Debug|Any CPU
		Release|Any CPU = Release|Any CPU
	EndGlobalSection
	GlobalSection(ProjectConfigurationPlatforms) = postSolution
		{D19712D3-2FFD-4771-BB4F-144159FECA34}.Debug|Any CPU.ActiveCfg = Debug|Any CPU
		{D19712D3-2FFD-4771-BB4F-144159FECA34}.Debug|Any CPU.Build.0 = Debug|Any CPU
		{D19712D3-2FFD-4771-BB4F-144159FECA34}.Release|Any CPU.ActiveCfg = Release|Any CPU
		{D19712D3-2FFD-4771-BB4F-144159FECA34}.Release|Any CPU.Build.0 = Release|Any CPU
	EndGlobalSection
	GlobalSection(SolutionProperties) = preSolution
		HideSolutionNode = FALSE
	EndGlobalSection
	GlobalSection(ExtensibilityGlobals) = postSolution
		SolutionGuid = {B3DED679-AE6D-4ADB-92EE-0286AD0843AC}
	EndGlobalSection
EndGlobal
